
Microsoft Visual Studio Solution File, Format Version 12.00
# Visual Studio Version 16
VisualStudioVersion = 16.0.31702.278
MinimumVisualStudioVersion = 10.0.40219.1
Project("{FAE04EC0-301F-11D3-BF4B-00C04F79EFBC}") = "WebSiteBanBachHoa", "WebSiteBanBachHoa\WebSiteBanBachHoa.csproj", "{716125D9-8563-45E8-AFC3-0768AB4CC1E3}"
EndProject
Global
	GlobalSection(SolutionConfigurationPlatforms) = preSolution
		Debug|Any CPU = Debug|Any CPU
		Release|Any CPU = Release|Any CPU
	EndGlobalSection
	GlobalSection(ProjectConfigurationPlatforms) = postSolution
		{716125D9-8563-45E8-AFC3-0768AB4CC1E3}.Debug|Any CPU.ActiveCfg = Debug|Any CPU
		{716125D9-8563-45E8-AFC3-0768AB4CC1E3}.Debug|Any CPU.Build.0 = Debug|Any CPU
		{716125D9-8563-45E8-AFC3-0768AB4CC1E3}.Release|Any CPU.ActiveCfg = Release|Any CPU
		{716125D9-8563-45E8-AFC3-0768AB4CC1E3}.Release|Any CPU.Build.0 = Release|Any CPU
	EndGlobalSection
	GlobalSection(SolutionProperties) = preSolution
		HideSolutionNode = FALSE
	EndGlobalSection
	GlobalSection(ExtensibilityGlobals) = postSolution
		SolutionGuid = {8A10D853-957C-407A-B647-04ABECC9D5F0}
	EndGlobalSection
EndGlobal
